
Microsoft Visual Studio Solution File, Format Version 12.00
# Visual Studio Version 17
VisualStudioVersion = 17.11.35312.102
MinimumVisualStudioVersion = 10.0.40219.1
Project("{FAE04EC0-301F-11D3-BF4B-00C04F79EFBC}") = "CSHARP -FUNDAMENTOS", "CSHARP -FUNDAMENTOS\CSHARP -FUNDAMENTOS.csproj", "{CCE5AFCF-1623-4078-962F-56FE2E2F6665}"
EndProject
Global
	GlobalSection(SolutionConfigurationPlatforms) = preSolution
		Debug|Any CPU = Debug|Any CPU
		Release|Any CPU = Release|Any CPU
	EndGlobalSection
	GlobalSection(ProjectConfigurationPlatforms) = postSolution
		{CCE5AFCF-1623-4078-962F-56FE2E2F6665}.Debug|Any CPU.ActiveCfg = Debug|Any CPU
		{CCE5AFCF-1623-4078-962F-56FE2E2F6665}.Debug|Any CPU.Build.0 = Debug|Any CPU
		{CCE5AFCF-1623-4078-962F-56FE2E2F6665}.Release|Any CPU.ActiveCfg = Release|Any CPU
		{CCE5AFCF-1623-4078-962F-56FE2E2F6665}.Release|Any CPU.Build.0 = Release|Any CPU
	EndGlobalSection
	GlobalSection(SolutionProperties) = preSolution
		HideSolutionNode = FALSE
	EndGlobalSection
	GlobalSection(ExtensibilityGlobals) = postSolution
		SolutionGuid = {6B328846-DBF6-4B4B-87B0-98D053C36C12}
	EndGlobalSection
EndGlobal
